{
  "name": "@roflsec/fail2scan",
  "version": "0.0.1",
  "lockfileVersion": 3,
  "requires": true,
  "packages": {
    "": {
      "name": "@roflsec/fail2scan",
      "version": "0.0.1",
      "license": "MIT",
      "bin": {
        "fail2scan-daemon": "bin/daemon.js"
      },
      "engines": {
        "node": ">=18"
      }
    }
  }
}
